
Microsoft Visual Studio Solution File, Format Version 12.00
# Visual Studio Version 17
VisualStudioVersion = 17.4.33122.133
MinimumVisualStudioVersion = 10.0.40219.1
Project("{FAE04EC0-301F-11D3-BF4B-00C04F79EFBC}") = "Salesman2", "Salesman2\Salesman2.csproj", "{D34468E2-DE02-4AC2-BBBB-1203B8C3ACE0}"
EndProject
Project("{FAE04EC0-301F-11D3-BF4B-00C04F79EFBC}") = "TestProject1", "..\TestProject1\TestProject1.csproj", "{C2ABDEEB-3B4A-4BC7-B4EA-8742D378A6EF}"
EndProject
Global
	GlobalSection(SolutionConfigurationPlatforms) = preSolution
		Debug|Any CPU = Debug|Any CPU
		Release|Any CPU = Release|Any CPU
	EndGlobalSection
	GlobalSection(ProjectConfigurationPlatforms) = postSolution
		{D34468E2-DE02-4AC2-BBBB-1203B8C3ACE0}.Debug|Any CPU.ActiveCfg = Debug|Any CPU
		{D34468E2-DE02-4AC2-BBBB-1203B8C3ACE0}.Debug|Any CPU.Build.0 = Debug|Any CPU
		{D34468E2-DE02-4AC2-BBBB-1203B8C3ACE0}.Release|Any CPU.ActiveCfg = Release|Any CPU
		{D34468E2-DE02-4AC2-BBBB-1203B8C3ACE0}.Release|Any CPU.Build.0 = Release|Any CPU
		{C2ABDEEB-3B4A-4BC7-B4EA-8742D378A6EF}.Debug|Any CPU.ActiveCfg = Debug|Any CPU
		{C2ABDEEB-3B4A-4BC7-B4EA-8742D378A6EF}.Debug|Any CPU.Build.0 = Debug|Any CPU
		{C2ABDEEB-3B4A-4BC7-B4EA-8742D378A6EF}.Release|Any CPU.ActiveCfg = Release|Any CPU
		{C2ABDEEB-3B4A-4BC7-B4EA-8742D378A6EF}.Release|Any CPU.Build.0 = Release|Any CPU
	EndGlobalSection
	GlobalSection(SolutionProperties) = preSolution
		HideSolutionNode = FALSE
	EndGlobalSection
	GlobalSection(ExtensibilityGlobals) = postSolution
		SolutionGuid = {048F6E6A-FD59-4E98-8209-7F819C986C3B}
	EndGlobalSection
EndGlobal
